
Microsoft Visual Studio Solution File, Format Version 12.00
# Visual Studio Version 16
VisualStudioVersion = 16.0.29123.88
MinimumVisualStudioVersion = 10.0.40219.1
Project("{FAE04EC0-301F-11D3-BF4B-00C04F79EFBC}") = "BootCampLab11", "BootCampLab11\BootCampLab11.csproj", "{FB650453-3FDD-441C-BD8E-FE1196B20CF2}"
EndProject
Global
	GlobalSection(SolutionConfigurationPlatforms) = preSolution
		Debug|Any CPU = Debug|Any CPU
		Release|Any CPU = Release|Any CPU
	EndGlobalSection
	GlobalSection(ProjectConfigurationPlatforms) = postSolution
		{FB650453-3FDD-441C-BD8E-FE1196B20CF2}.Debug|Any CPU.ActiveCfg = Debug|Any CPU
		{FB650453-3FDD-441C-BD8E-FE1196B20CF2}.Debug|Any CPU.Build.0 = Debug|Any CPU
		{FB650453-3FDD-441C-BD8E-FE1196B20CF2}.Release|Any CPU.ActiveCfg = Release|Any CPU
		{FB650453-3FDD-441C-BD8E-FE1196B20CF2}.Release|Any CPU.Build.0 = Release|Any CPU
	EndGlobalSection
	GlobalSection(SolutionProperties) = preSolution
		HideSolutionNode = FALSE
	EndGlobalSection
	GlobalSection(ExtensibilityGlobals) = postSolution
		SolutionGuid = {568E78D5-BDD5-4A8E-A22F-A11395F00B5A}
	EndGlobalSection
EndGlobal
